
Microsoft Visual Studio Solution File, Format Version 12.00
# Visual Studio Version 17
VisualStudioVersion = 17.2.32526.322
MinimumVisualStudioVersion = 10.0.40219.1
Project("{9A19103F-16F7-4668-BE54-9A1E7A4F7556}") = "AmazonAPI", "AmazonAPI.csproj", "{21B7077C-F03F-42C0-A055-6DB041B544DC}"
EndProject
Global
	GlobalSection(SolutionConfigurationPlatforms) = preSolution
		Debug|Any CPU = Debug|Any CPU
		Release|Any CPU = Release|Any CPU
	EndGlobalSection
	GlobalSection(ProjectConfigurationPlatforms) = postSolution
		{21B7077C-F03F-42C0-A055-6DB041B544DC}.Debug|Any CPU.ActiveCfg = Debug|Any CPU
		{21B7077C-F03F-42C0-A055-6DB041B544DC}.Debug|Any CPU.Build.0 = Debug|Any CPU
		{21B7077C-F03F-42C0-A055-6DB041B544DC}.Release|Any CPU.ActiveCfg = Release|Any CPU
		{21B7077C-F03F-42C0-A055-6DB041B544DC}.Release|Any CPU.Build.0 = Release|Any CPU
	EndGlobalSection
	GlobalSection(SolutionProperties) = preSolution
		HideSolutionNode = FALSE
	EndGlobalSection
	GlobalSection(ExtensibilityGlobals) = postSolution
		SolutionGuid = {5B19D058-6E43-40B9-9DC9-EC2C8CB125F3}
	EndGlobalSection
EndGlobal
